
Microsoft Visual Studio Solution File, Format Version 12.00
# Visual Studio Version 17
VisualStudioVersion = 17.7.34003.232
MinimumVisualStudioVersion = 10.0.40219.1
Project("{FAE04EC0-301F-11D3-BF4B-00C04F79EFBC}") = "App_ConsultaPrestamosDeportivos", "App_ConsultaPrestamosDeportivos.csproj", "{57780CA8-5AB6-4D36-92B8-39BD5897F453}"
EndProject
Global
	GlobalSection(SolutionConfigurationPlatforms) = preSolution
		Debug|Any CPU = Debug|Any CPU
		Release|Any CPU = Release|Any CPU
	EndGlobalSection
	GlobalSection(ProjectConfigurationPlatforms) = postSolution
		{57780CA8-5AB6-4D36-92B8-39BD5897F453}.Debug|Any CPU.ActiveCfg = Debug|Any CPU
		{57780CA8-5AB6-4D36-92B8-39BD5897F453}.Debug|Any CPU.Build.0 = Debug|Any CPU
		{57780CA8-5AB6-4D36-92B8-39BD5897F453}.Release|Any CPU.ActiveCfg = Release|Any CPU
		{57780CA8-5AB6-4D36-92B8-39BD5897F453}.Release|Any CPU.Build.0 = Release|Any CPU
	EndGlobalSection
	GlobalSection(SolutionProperties) = preSolution
		HideSolutionNode = FALSE
	EndGlobalSection
	GlobalSection(ExtensibilityGlobals) = postSolution
		SolutionGuid = {CEB67235-61C4-4D47-A738-CD88A57F68BC}
	EndGlobalSection
EndGlobal
